
Microsoft Visual Studio Solution File, Format Version 12.00
# Visual Studio Version 17
VisualStudioVersion = 17.2.32630.192
MinimumVisualStudioVersion = 10.0.40219.1
Project("{FAE04EC0-301F-11D3-BF4B-00C04F79EFBC}") = "Interface", "Interface.csproj", "{08AAF6B2-2528-495F-9D56-60D1058485B5}"
EndProject
Global
	GlobalSection(SolutionConfigurationPlatforms) = preSolution
		Debug|Any CPU = Debug|Any CPU
		Release|Any CPU = Release|Any CPU
	EndGlobalSection
	GlobalSection(ProjectConfigurationPlatforms) = postSolution
		{08AAF6B2-2528-495F-9D56-60D1058485B5}.Debug|Any CPU.ActiveCfg = Debug|Any CPU
		{08AAF6B2-2528-495F-9D56-60D1058485B5}.Debug|Any CPU.Build.0 = Debug|Any CPU
		{08AAF6B2-2528-495F-9D56-60D1058485B5}.Release|Any CPU.ActiveCfg = Release|Any CPU
		{08AAF6B2-2528-495F-9D56-60D1058485B5}.Release|Any CPU.Build.0 = Release|Any CPU
	EndGlobalSection
	GlobalSection(SolutionProperties) = preSolution
		HideSolutionNode = FALSE
	EndGlobalSection
	GlobalSection(ExtensibilityGlobals) = postSolution
		SolutionGuid = {37F1DA1F-26B5-45FD-9805-2322B6A33E37}
	EndGlobalSection
EndGlobal
